
Microsoft Visual Studio Solution File, Format Version 12.00
# Visual Studio Version 17
VisualStudioVersion = 17.2.32526.322
MinimumVisualStudioVersion = 10.0.40219.1
Project("{9A19103F-16F7-4668-BE54-9A1E7A4F7556}") = "RandomProblemSolving", "RandomProblemSolving\RandomProblemSolving.csproj", "{32122009-72E8-4744-830F-9CE53DFAF1D9}"
EndProject
Global
	GlobalSection(SolutionConfigurationPlatforms) = preSolution
		Debug|Any CPU = Debug|Any CPU
		Release|Any CPU = Release|Any CPU
	EndGlobalSection
	GlobalSection(ProjectConfigurationPlatforms) = postSolution
		{32122009-72E8-4744-830F-9CE53DFAF1D9}.Debug|Any CPU.ActiveCfg = Debug|Any CPU
		{32122009-72E8-4744-830F-9CE53DFAF1D9}.Debug|Any CPU.Build.0 = Debug|Any CPU
		{32122009-72E8-4744-830F-9CE53DFAF1D9}.Release|Any CPU.ActiveCfg = Release|Any CPU
		{32122009-72E8-4744-830F-9CE53DFAF1D9}.Release|Any CPU.Build.0 = Release|Any CPU
	EndGlobalSection
	GlobalSection(SolutionProperties) = preSolution
		HideSolutionNode = FALSE
	EndGlobalSection
	GlobalSection(ExtensibilityGlobals) = postSolution
		SolutionGuid = {BE250BB6-91F9-48ED-A429-ECE0295F93AB}
	EndGlobalSection
EndGlobal
